
Microsoft Visual Studio Solution File, Format Version 12.00
# Visual Studio 14
VisualStudioVersion = 14.0.25420.1
MinimumVisualStudioVersion = 10.0.40219.1
Project("{FAE04EC0-301F-11D3-BF4B-00C04F79EFBC}") = "Stef.DatabaseQuery", "Stef.DatabaseQuery\Stef.DatabaseQuery.csproj", "{E83CCD6E-8EA6-4BD3-9509-47303E46A59C}"
EndProject
Project("{FAE04EC0-301F-11D3-BF4B-00C04F79EFBC}") = "Stef.DatabaseQuery.Business", "Stef.DatabaseQuery.Business\Stef.DatabaseQuery.Business.csproj", "{1A7B6AB4-7894-418F-9AFD-48F8C9250B4B}"
EndProject
Project("{FAE04EC0-301F-11D3-BF4B-00C04F79EFBC}") = "Stef.DatabaseQuery.Console", "Stef.DatabaseQuery.Console\Stef.DatabaseQuery.Console.csproj", "{88BCB514-82FF-445C-B9E0-1BDA7BAECE9D}"
EndProject
Global
	GlobalSection(SolutionConfigurationPlatforms) = preSolution
		Debug|Any CPU = Debug|Any CPU
		Release|Any CPU = Release|Any CPU
	EndGlobalSection
	GlobalSection(ProjectConfigurationPlatforms) = postSolution
		{E83CCD6E-8EA6-4BD3-9509-47303E46A59C}.Debug|Any CPU.ActiveCfg = Debug|Any CPU
		{E83CCD6E-8EA6-4BD3-9509-47303E46A59C}.Debug|Any CPU.Build.0 = Debug|Any CPU
		{E83CCD6E-8EA6-4BD3-9509-47303E46A59C}.Release|Any CPU.ActiveCfg = Release|Any CPU
		{E83CCD6E-8EA6-4BD3-9509-47303E46A59C}.Release|Any CPU.Build.0 = Release|Any CPU
		{1A7B6AB4-7894-418F-9AFD-48F8C9250B4B}.Debug|Any CPU.ActiveCfg = Debug|Any CPU
		{1A7B6AB4-7894-418F-9AFD-48F8C9250B4B}.Debug|Any CPU.Build.0 = Debug|Any CPU
		{1A7B6AB4-7894-418F-9AFD-48F8C9250B4B}.Release|Any CPU.ActiveCfg = Release|Any CPU
		{1A7B6AB4-7894-418F-9AFD-48F8C9250B4B}.Release|Any CPU.Build.0 = Release|Any CPU
		{88BCB514-82FF-445C-B9E0-1BDA7BAECE9D}.Debug|Any CPU.ActiveCfg = Debug|Any CPU
		{88BCB514-82FF-445C-B9E0-1BDA7BAECE9D}.Debug|Any CPU.Build.0 = Debug|Any CPU
		{88BCB514-82FF-445C-B9E0-1BDA7BAECE9D}.Release|Any CPU.ActiveCfg = Release|Any CPU
		{88BCB514-82FF-445C-B9E0-1BDA7BAECE9D}.Release|Any CPU.Build.0 = Release|Any CPU
	EndGlobalSection
	GlobalSection(SolutionProperties) = preSolution
		HideSolutionNode = FALSE
	EndGlobalSection
EndGlobal
